
Microsoft Visual Studio Solution File, Format Version 12.00
# Visual Studio 15
VisualStudioVersion = 15.0.28307.1401
MinimumVisualStudioVersion = 10.0.40219.1
Project("{FAE04EC0-301F-11D3-BF4B-00C04F79EFBC}") = "drw.server", "drw.server\drw.server.csproj", "{EC9CDAD9-807B-41C0-9DD9-9B756ADFE71A}"
EndProject
Global
	GlobalSection(SolutionConfigurationPlatforms) = preSolution
		Debug|Any CPU = Debug|Any CPU
		Release|Any CPU = Release|Any CPU
	EndGlobalSection
	GlobalSection(ProjectConfigurationPlatforms) = postSolution
		{EC9CDAD9-807B-41C0-9DD9-9B756ADFE71A}.Debug|Any CPU.ActiveCfg = Debug|Any CPU
		{EC9CDAD9-807B-41C0-9DD9-9B756ADFE71A}.Debug|Any CPU.Build.0 = Debug|Any CPU
		{EC9CDAD9-807B-41C0-9DD9-9B756ADFE71A}.Release|Any CPU.ActiveCfg = Release|Any CPU
		{EC9CDAD9-807B-41C0-9DD9-9B756ADFE71A}.Release|Any CPU.Build.0 = Release|Any CPU
	EndGlobalSection
	GlobalSection(SolutionProperties) = preSolution
		HideSolutionNode = FALSE
	EndGlobalSection
	GlobalSection(ExtensibilityGlobals) = postSolution
		SolutionGuid = {44A56223-EFF9-4D08-A36B-2E068525FDCB}
	EndGlobalSection
EndGlobal
